
Microsoft Visual Studio Solution File, Format Version 12.00
# Visual Studio Version 17
VisualStudioVersion = 17.5.33530.505
MinimumVisualStudioVersion = 10.0.40219.1
Project("{FAE04EC0-301F-11D3-BF4B-00C04F79EFBC}") = "SenhasAleatoria", "SenhasAleatoria\SenhasAleatoria.csproj", "{7D57E760-986A-4F4C-B619-6972A8EC0425}"
EndProject
Global
	GlobalSection(SolutionConfigurationPlatforms) = preSolution
		Debug|Any CPU = Debug|Any CPU
		Release|Any CPU = Release|Any CPU
	EndGlobalSection
	GlobalSection(ProjectConfigurationPlatforms) = postSolution
		{7D57E760-986A-4F4C-B619-6972A8EC0425}.Debug|Any CPU.ActiveCfg = Debug|Any CPU
		{7D57E760-986A-4F4C-B619-6972A8EC0425}.Debug|Any CPU.Build.0 = Debug|Any CPU
		{7D57E760-986A-4F4C-B619-6972A8EC0425}.Release|Any CPU.ActiveCfg = Release|Any CPU
		{7D57E760-986A-4F4C-B619-6972A8EC0425}.Release|Any CPU.Build.0 = Release|Any CPU
	EndGlobalSection
	GlobalSection(SolutionProperties) = preSolution
		HideSolutionNode = FALSE
	EndGlobalSection
	GlobalSection(ExtensibilityGlobals) = postSolution
		SolutionGuid = {814C647B-ACF4-4E27-B387-B5756479DB07}
	EndGlobalSection
EndGlobal
